// !$*UTF8*$!
{
	archiveVersion = 1;
	classes = {
	};
	objectVersion = 48;
	objects = {

/* Begin PBXBuildFile section */
		B61470041FB1475B0068CA67 /* InlineColorChooserViewController.swift in Sources */ = {isa = PBXBuildFile; fileRef = B61470031FB1475B0068CA67 /* InlineColorChooserViewController.swift */; };
		B61470061FB1485F0068CA67 /* Style.swift in Sources */ = {isa = PBXBuildFile; fileRef = B61470051FB1485F0068CA67 /* Style.swift */; };
		B61470081FB148720068CA67 /* UIColor+Util.swift in Sources */ = {isa = PBXBuildFile; fileRef = B61470071FB148720068CA67 /* UIColor+Util.swift */; };
		B614700B1FB180E30068CA67 /* Color+MyManagedObjectProtocol.swift in Sources */ = {isa = PBXBuildFile; fileRef = B614700A1FB180E30068CA67 /* Color+MyManagedObjectProtocol.swift */; };
		B614700D1FB193FA0068CA67 /* UIViewController+Util.swift in Sources */ = {isa = PBXBuildFile; fileRef = B614700C1FB193FA0068CA67 /* UIViewController+Util.swift */; };
		B614700F1FB194380068CA67 /* UICollectionView+Util.swift in Sources */ = {isa = PBXBuildFile; fileRef = B614700E1FB194380068CA67 /* UICollectionView+Util.swift */; };
		B620C3771FBB6043001B29E9 /* BatchUpdatable.swift in Sources */ = {isa = PBXBuildFile; fileRef = B620C3761FBB6043001B29E9 /* BatchUpdatable.swift */; };
		B621414A201420300035C787 /* LocationDetailViewController.swift in Sources */ = {isa = PBXBuildFile; fileRef = B6214149201420300035C787 /* LocationDetailViewController.swift */; };
		B62735DC1FB7EDFF004711A4 /* PermissionManager.swift in Sources */ = {isa = PBXBuildFile; fileRef = B62735DB1FB7EDFF004711A4 /* PermissionManager.swift */; };
		B62735DE1FB7EEE2004711A4 /* CameraPermissionManager.swift in Sources */ = {isa = PBXBuildFile; fileRef = B62735DD1FB7EEE2004711A4 /* CameraPermissionManager.swift */; };
		B62735E11FB82B9E004711A4 /* SearchViewController.swift in Sources */ = {isa = PBXBuildFile; fileRef = B62735E01FB82B9E004711A4 /* SearchViewController.swift */; };
		B63419532006D2DB00847049 /* BuildManager.swift in Sources */ = {isa = PBXBuildFile; fileRef = B63419522006D2DB00847049 /* BuildManager.swift */; };
		B63B9A281FBA7D7100982FC6 /* LocationSearchService.swift in Sources */ = {isa = PBXBuildFile; fileRef = B63B9A271FBA7D7100982FC6 /* LocationSearchService.swift */; };
		B64391571FC2861B005721E5 /* CurrentLocationUpdatableService.swift in Sources */ = {isa = PBXBuildFile; fileRef = B64391561FC2861B005721E5 /* CurrentLocationUpdatableService.swift */; };
		B643915A1FC29989005721E5 /* Distance.swift in Sources */ = {isa = PBXBuildFile; fileRef = B64391591FC29989005721E5 /* Distance.swift */; };
		B643915E1FC2B548005721E5 /* MainViewController+AR.swift in Sources */ = {isa = PBXBuildFile; fileRef = B643915D1FC2B548005721E5 /* MainViewController+AR.swift */; };
		B64391601FC2BCF1005721E5 /* ARState.swift in Sources */ = {isa = PBXBuildFile; fileRef = B643915F1FC2BCF1005721E5 /* ARState.swift */; };
		B64391631FC2BEBF005721E5 /* ConfiguringViewController.swift in Sources */ = {isa = PBXBuildFile; fileRef = B64391621FC2BEBF005721E5 /* ConfiguringViewController.swift */; };
		B66041EF1FA905350076EBEF /* VirtualObject.swift in Sources */ = {isa = PBXBuildFile; fileRef = B66041EE1FA905350076EBEF /* VirtualObject.swift */; };
		B66634321FCBB09D006D5922 /* PinPlacemarkNode.swift in Sources */ = {isa = PBXBuildFile; fileRef = B66634311FCBB09D006D5922 /* PinPlacemarkNode.swift */; };
		B668AB402006052300997FB9 /* ARDistanceType.swift in Sources */ = {isa = PBXBuildFile; fileRef = B668AB3F2006052300997FB9 /* ARDistanceType.swift */; };
		B668AB4220060C6B00997FB9 /* ARViewController+Gestures.swift in Sources */ = {isa = PBXBuildFile; fileRef = B668AB4120060C6B00997FB9 /* ARViewController+Gestures.swift */; };
		B68A7DB21FF9AB8F00C45FF6 /* BottomUpPresentationManager.swift in Sources */ = {isa = PBXBuildFile; fileRef = B68A7DB11FF9AB8F00C45FF6 /* BottomUpPresentationManager.swift */; };
		B68A7DBC1FFCC23700C45FF6 /* TopKnobVisualEffectContainerViewController.swift in Sources */ = {isa = PBXBuildFile; fileRef = B68A7DBB1FFCC23700C45FF6 /* TopKnobVisualEffectContainerViewController.swift */; };
		B68A7DBE1FFCC2F200C45FF6 /* DesiredContentHeightDelegate.swift in Sources */ = {isa = PBXBuildFile; fileRef = B68A7DBD1FFCC2F200C45FF6 /* DesiredContentHeightDelegate.swift */; };
		B68A7DC01FFCC9F200C45FF6 /* KeyboardFrameRespondable.swift in Sources */ = {isa = PBXBuildFile; fileRef = B68A7DBF1FFCC9F200C45FF6 /* KeyboardFrameRespondable.swift */; };
		B695236B1FA8D11E0014ABED /* CLLocation+Util.swift in Sources */ = {isa = PBXBuildFile; fileRef = B695236A1FA8D11E0014ABED /* CLLocation+Util.swift */; };
		B695236D1FA8D2E10014ABED /* SCNVector3+Util.swift in Sources */ = {isa = PBXBuildFile; fileRef = B695236C1FA8D2E10014ABED /* SCNVector3+Util.swift */; };
		B695236F1FA8D3430014ABED /* AxesNode.swift in Sources */ = {isa = PBXBuildFile; fileRef = B695236E1FA8D3430014ABED /* AxesNode.swift */; };
		B69B94571FBE20A600A7047F /* MapItem.swift in Sources */ = {isa = PBXBuildFile; fileRef = B69B94561FBE20A600A7047F /* MapItem.swift */; };
		B69BDAD31FA7F84400A385DE /* UIApplication+Util.swift in Sources */ = {isa = PBXBuildFile; fileRef = B69BDAD21FA7F84400A385DE /* UIApplication+Util.swift */; };
		B69BDAD51FA7FB0B00A385DE /* Double+Util.swift in Sources */ = {isa = PBXBuildFile; fileRef = B69BDAD41FA7FB0B00A385DE /* Double+Util.swift */; };
		B6AA79B81FB89EC900428D86 /* AddLocationContainerViewController.swift in Sources */ = {isa = PBXBuildFile; fileRef = B6AA79B71FB89EC900428D86 /* AddLocationContainerViewController.swift */; };
		B6AA79BA1FB89FD000428D86 /* AddLocation.storyboard in Resources */ = {isa = PBXBuildFile; fileRef = B6AA79B91FB89FD000428D86 /* AddLocation.storyboard */; };
		B6AA79BD1FB8A3D000428D86 /* VisualEffectContainerViewController.swift in Sources */ = {isa = PBXBuildFile; fileRef = B6AA79BC1FB8A3D000428D86 /* VisualEffectContainerViewController.swift */; };
		B6B47FD51FBFB61B004AE609 /* SearchViewController+Cells.swift in Sources */ = {isa = PBXBuildFile; fileRef = B6B47FD41FBFB61B004AE609 /* SearchViewController+Cells.swift */; };
		B6C576451FB2FF0E00C4966F /* String+Util.swift in Sources */ = {isa = PBXBuildFile; fileRef = B6C576441FB2FF0E00C4966F /* String+Util.swift */; };
		B6C6EA291FA79B45001F97E7 /* AppDelegate.swift in Sources */ = {isa = PBXBuildFile; fileRef = B6C6EA281FA79B45001F97E7 /* AppDelegate.swift */; };
		B6C6EA2E1FA79B45001F97E7 /* Main.storyboard in Resources */ = {isa = PBXBuildFile; fileRef = B6C6EA2C1FA79B45001F97E7 /* Main.storyboard */; };
		B6C6EA311FA79B45001F97E7 /* ARMap.xcdatamodeld in Sources */ = {isa = PBXBuildFile; fileRef = B6C6EA2F1FA79B45001F97E7 /* ARMap.xcdatamodeld */; };
		B6C6EA331FA79B45001F97E7 /* Assets.xcassets in Resources */ = {isa = PBXBuildFile; fileRef = B6C6EA321FA79B45001F97E7 /* Assets.xcassets */; };
		B6C6EA361FA79B45001F97E7 /* LaunchScreen.storyboard in Resources */ = {isa = PBXBuildFile; fileRef = B6C6EA341FA79B45001F97E7 /* LaunchScreen.storyboard */; };
		B6C6EA421FA79F77001F97E7 /* LocationManager.swift in Sources */ = {isa = PBXBuildFile; fileRef = B6C6EA411FA79F77001F97E7 /* LocationManager.swift */; };
		B6C6EA451FA7A050001F97E7 /* PermissionsViewController.swift in Sources */ = {isa = PBXBuildFile; fileRef = B6C6EA441FA7A050001F97E7 /* PermissionsViewController.swift */; };
		B6C6EA481FA7A15C001F97E7 /* ViewControllerFromStoryboardProtocol.swift in Sources */ = {isa = PBXBuildFile; fileRef = B6C6EA471FA7A15C001F97E7 /* ViewControllerFromStoryboardProtocol.swift */; };
		B6C6EA4A1FA7A3DB001F97E7 /* MainViewController.swift in Sources */ = {isa = PBXBuildFile; fileRef = B6C6EA491FA7A3DB001F97E7 /* MainViewController.swift */; };
		B6C6EA4C1FA7A694001F97E7 /* RootNavigationController.swift in Sources */ = {isa = PBXBuildFile; fileRef = B6C6EA4B1FA7A694001F97E7 /* RootNavigationController.swift */; };
		B6C6EA4E1FA7A9A6001F97E7 /* BaseNavigationController.swift in Sources */ = {isa = PBXBuildFile; fileRef = B6C6EA4D1FA7A9A6001F97E7 /* BaseNavigationController.swift */; };
		B6C6EA521FA7ACEC001F97E7 /* ARViewController.swift in Sources */ = {isa = PBXBuildFile; fileRef = B6C6EA511FA7ACEC001F97E7 /* ARViewController.swift */; };
		B6C6EA541FA7AEA4001F97E7 /* Loggable.swift in Sources */ = {isa = PBXBuildFile; fileRef = B6C6EA531FA7AEA4001F97E7 /* Loggable.swift */; };
		B6C6EA571FA7AF56001F97E7 /* SCNNode+Util.swift in Sources */ = {isa = PBXBuildFile; fileRef = B6C6EA561FA7AF56001F97E7 /* SCNNode+Util.swift */; };
		B6C6EA591FA7AFEF001F97E7 /* ARSCNView+Util.swift in Sources */ = {isa = PBXBuildFile; fileRef = B6C6EA581FA7AFEF001F97E7 /* ARSCNView+Util.swift */; };
		B6C6EA5B1FA7B02B001F97E7 /* Models.scnassets in Resources */ = {isa = PBXBuildFile; fileRef = B6C6EA5A1FA7B02B001F97E7 /* Models.scnassets */; };
		B6C6EA5D1FA7B0C3001F97E7 /* CGRect+Util.swift in Sources */ = {isa = PBXBuildFile; fileRef = B6C6EA5C1FA7B0C3001F97E7 /* CGRect+Util.swift */; };
		B6C6EA5F1FA7B5D6001F97E7 /* SCNMaterial+Util.swift in Sources */ = {isa = PBXBuildFile; fileRef = B6C6EA5E1FA7B5D6001F97E7 /* SCNMaterial+Util.swift */; };
		B6C6EA611FA7B68C001F97E7 /* Plane.swift in Sources */ = {isa = PBXBuildFile; fileRef = B6C6EA601FA7B68C001F97E7 /* Plane.swift */; };
		B6C6EA641FA7BD33001F97E7 /* DataMangerProtocol.swift in Sources */ = {isa = PBXBuildFile; fileRef = B6C6EA631FA7BD33001F97E7 /* DataMangerProtocol.swift */; };
		B6C6EA661FA7BD5B001F97E7 /* MyDataManager.swift in Sources */ = {isa = PBXBuildFile; fileRef = B6C6EA651FA7BD5B001F97E7 /* MyDataManager.swift */; };
		B6C6EA681FA7BD91001F97E7 /* MyManagedObjectProtocol.swift in Sources */ = {isa = PBXBuildFile; fileRef = B6C6EA671FA7BD91001F97E7 /* MyManagedObjectProtocol.swift */; };
		B6C6EA6A1FA7BE0A001F97E7 /* SavedLocation+MyManagedObjectProtocol.swift in Sources */ = {isa = PBXBuildFile; fileRef = B6C6EA691FA7BE0A001F97E7 /* SavedLocation+MyManagedObjectProtocol.swift */; };
		B6C6EA6F1FA7C264001F97E7 /* LocationListViewController.swift in Sources */ = {isa = PBXBuildFile; fileRef = B6C6EA6E1FA7C264001F97E7 /* LocationListViewController.swift */; };
		B6C6EA711FA7C26D001F97E7 /* AddLocationViewController.swift in Sources */ = {isa = PBXBuildFile; fileRef = B6C6EA701FA7C26D001F97E7 /* AddLocationViewController.swift */; };
		B6C6EA731FA7CDF9001F97E7 /* MainViewController+CoreLocation.swift in Sources */ = {isa = PBXBuildFile; fileRef = B6C6EA721FA7CDF9001F97E7 /* MainViewController+CoreLocation.swift */; };
		B6C6EA751FA7D717001F97E7 /* Defaults+MyManagedObjectProtocol.swift in Sources */ = {isa = PBXBuildFile; fileRef = B6C6EA741FA7D717001F97E7 /* Defaults+MyManagedObjectProtocol.swift */; };
		B6C6EA771FA7D761001F97E7 /* UnitType.swift in Sources */ = {isa = PBXBuildFile; fileRef = B6C6EA761FA7D761001F97E7 /* UnitType.swift */; };
		B6C6EA791FA7DAB9001F97E7 /* LocationListViewController+Cells.swift in Sources */ = {isa = PBXBuildFile; fileRef = B6C6EA781FA7DAB9001F97E7 /* LocationListViewController+Cells.swift */; };
		B6C6EA7B1FA7E5E1001F97E7 /* SettingsViewController.swift in Sources */ = {isa = PBXBuildFile; fileRef = B6C6EA7A1FA7E5E1001F97E7 /* SettingsViewController.swift */; };
		B6C6EA7E1FA7E639001F97E7 /* PresentableController.swift in Sources */ = {isa = PBXBuildFile; fileRef = B6C6EA7D1FA7E639001F97E7 /* PresentableController.swift */; };
		B6C6EA821FA7E670001F97E7 /* PresenationManagerProtocol.swift in Sources */ = {isa = PBXBuildFile; fileRef = B6C6EA811FA7E670001F97E7 /* PresenationManagerProtocol.swift */; };
		B6C6EA841FA7E690001F97E7 /* InteractiveTransition.swift in Sources */ = {isa = PBXBuildFile; fileRef = B6C6EA831FA7E690001F97E7 /* InteractiveTransition.swift */; };
		B6C6EA861FA7E6A6001F97E7 /* DragUpDismissInteractiveTransition.swift in Sources */ = {isa = PBXBuildFile; fileRef = B6C6EA851FA7E6A6001F97E7 /* DragUpDismissInteractiveTransition.swift */; };
		B6C6EA881FA7E6BB001F97E7 /* LeftMenuPresentationManager.swift in Sources */ = {isa = PBXBuildFile; fileRef = B6C6EA871FA7E6BB001F97E7 /* LeftMenuPresentationManager.swift */; };
		B6C6EA8A1FA7E6D2001F97E7 /* RightToLeftPresentationManager.swift in Sources */ = {isa = PBXBuildFile; fileRef = B6C6EA891FA7E6D2001F97E7 /* RightToLeftPresentationManager.swift */; };
		B6C6EA8C1FA7E6E3001F97E7 /* HDFadeWithBlurPresentationManager.swift in Sources */ = {isa = PBXBuildFile; fileRef = B6C6EA8B1FA7E6E3001F97E7 /* HDFadeWithBlurPresentationManager.swift */; };
		B6C6EA8E1FA7E6F5001F97E7 /* UIView+Util.swift in Sources */ = {isa = PBXBuildFile; fileRef = B6C6EA8D1FA7E6F5001F97E7 /* UIView+Util.swift */; };
		B6C6EA901FA7E766001F97E7 /* TopDownPresentationManager.swift in Sources */ = {isa = PBXBuildFile; fileRef = B6C6EA8F1FA7E766001F97E7 /* TopDownPresentationManager.swift */; };
		B6C6EA931FA7E83F001F97E7 /* Device.swift in Sources */ = {isa = PBXBuildFile; fileRef = B6C6EA921FA7E83F001F97E7 /* Device.swift */; };
		B6C6EA951FA7E869001F97E7 /* UIDevice+Util.swift in Sources */ = {isa = PBXBuildFile; fileRef = B6C6EA941FA7E869001F97E7 /* UIDevice+Util.swift */; };
		B6C6EA971FA7E8B4001F97E7 /* DragDownDismissInteractiveTransition.swift in Sources */ = {isa = PBXBuildFile; fileRef = B6C6EA961FA7E8B4001F97E7 /* DragDownDismissInteractiveTransition.swift */; };
		B6C6EA991FA7E8D1001F97E7 /* DragLeftDismissInteractiveTransition.swift in Sources */ = {isa = PBXBuildFile; fileRef = B6C6EA981FA7E8D1001F97E7 /* DragLeftDismissInteractiveTransition.swift */; };
		B6C6EA9B1FA7E8E4001F97E7 /* DragRightDismissInteractiveTransition.swift in Sources */ = {isa = PBXBuildFile; fileRef = B6C6EA9A1FA7E8E4001F97E7 /* DragRightDismissInteractiveTransition.swift */; };
		B6C6EA9D1FA7EBEE001F97E7 /* BaseViewController.swift in Sources */ = {isa = PBXBuildFile; fileRef = B6C6EA9C1FA7EBEE001F97E7 /* BaseViewController.swift */; };
		B6C6EA9F1FA7EBF6001F97E7 /* BaseTableViewController.swift in Sources */ = {isa = PBXBuildFile; fileRef = B6C6EA9E1FA7EBF6001F97E7 /* BaseTableViewController.swift */; };
		B6C791621FE76DBC00037105 /* SavedLocationNode.swift in Sources */ = {isa = PBXBuildFile; fileRef = B666343E1FCBCDA8006D5922 /* SavedLocationNode.swift */; };
		B6CE3D061FAA1E9400F9DF76 /* PlacemarkNode.swift in Sources */ = {isa = PBXBuildFile; fileRef = B6CE3D051FAA1E9400F9DF76 /* PlacemarkNode.swift */; };
/* End PBXBuildFile section */

/* Begin PBXFileReference section */
		B60CB55B201247150010CF71 /* TackARLocation 4.xcdatamodel */ = {isa = PBXFileReference; lastKnownFileType = wrapper.xcdatamodel; path = "TackARLocation 4.xcdatamodel"; sourceTree = "<group>"; };
		B61470031FB1475B0068CA67 /* InlineColorChooserViewController.swift */ = {isa = PBXFileReference; lastKnownFileType = sourcecode.swift; path = InlineColorChooserViewController.swift; sourceTree = "<group>"; };
		B61470051FB1485F0068CA67 /* Style.swift */ = {isa = PBXFileReference; lastKnownFileType = sourcecode.swift; path = Style.swift; sourceTree = "<group>"; };
		B61470071FB148720068CA67 /* UIColor+Util.swift */ = {isa = PBXFileReference; lastKnownFileType = sourcecode.swift; path = "UIColor+Util.swift"; sourceTree = "<group>"; };
		B61470091FB17E580068CA67 /* TackARLocation 2.xcdatamodel */ = {isa = PBXFileReference; lastKnownFileType = wrapper.xcdatamodel; path = "TackARLocation 2.xcdatamodel"; sourceTree = "<group>"; };
		B614700A1FB180E30068CA67 /* Color+MyManagedObjectProtocol.swift */ = {isa = PBXFileReference; lastKnownFileType = sourcecode.swift; path = "Color+MyManagedObjectProtocol.swift"; sourceTree = "<group>"; };
		B614700C1FB193FA0068CA67 /* UIViewController+Util.swift */ = {isa = PBXFileReference; lastKnownFileType = sourcecode.swift; path = "UIViewController+Util.swift"; sourceTree = "<group>"; };
		B614700E1FB194380068CA67 /* UICollectionView+Util.swift */ = {isa = PBXFileReference; lastKnownFileType = sourcecode.swift; path = "UICollectionView+Util.swift"; sourceTree = "<group>"; };
		B620C3761FBB6043001B29E9 /* BatchUpdatable.swift */ = {isa = PBXFileReference; lastKnownFileType = sourcecode.swift; path = BatchUpdatable.swift; sourceTree = "<group>"; };
		B6214149201420300035C787 /* LocationDetailViewController.swift */ = {isa = PBXFileReference; lastKnownFileType = sourcecode.swift; path = LocationDetailViewController.swift; sourceTree = "<group>"; };
		B62735DB1FB7EDFF004711A4 /* PermissionManager.swift */ = {isa = PBXFileReference; lastKnownFileType = sourcecode.swift; path = PermissionManager.swift; sourceTree = "<group>"; };
		B62735DD1FB7EEE2004711A4 /* CameraPermissionManager.swift */ = {isa = PBXFileReference; lastKnownFileType = sourcecode.swift; path = CameraPermissionManager.swift; sourceTree = "<group>"; };
		B62735E01FB82B9E004711A4 /* SearchViewController.swift */ = {isa = PBXFileReference; lastKnownFileType = sourcecode.swift; path = SearchViewController.swift; sourceTree = "<group>"; };
		B63419522006D2DB00847049 /* BuildManager.swift */ = {isa = PBXFileReference; lastKnownFileType = sourcecode.swift; path = BuildManager.swift; sourceTree = "<group>"; };
		B63B9A271FBA7D7100982FC6 /* LocationSearchService.swift */ = {isa = PBXFileReference; lastKnownFileType = sourcecode.swift; path = LocationSearchService.swift; sourceTree = "<group>"; };
		B64391551FC1F336005721E5 /* TackARLocation 3.xcdatamodel */ = {isa = PBXFileReference; lastKnownFileType = wrapper.xcdatamodel; path = "TackARLocation 3.xcdatamodel"; sourceTree = "<group>"; };
		B64391561FC2861B005721E5 /* CurrentLocationUpdatableService.swift */ = {isa = PBXFileReference; lastKnownFileType = sourcecode.swift; path = CurrentLocationUpdatableService.swift; sourceTree = "<group>"; };
		B64391591FC29989005721E5 /* Distance.swift */ = {isa = PBXFileReference; lastKnownFileType = sourcecode.swift; path = Distance.swift; sourceTree = "<group>"; };
		B643915D1FC2B548005721E5 /* MainViewController+AR.swift */ = {isa = PBXFileReference; lastKnownFileType = sourcecode.swift; path = "MainViewController+AR.swift"; sourceTree = "<group>"; };
		B643915F1FC2BCF1005721E5 /* ARState.swift */ = {isa = PBXFileReference; lastKnownFileType = sourcecode.swift; path = ARState.swift; sourceTree = "<group>"; };
		B64391621FC2BEBF005721E5 /* ConfiguringViewController.swift */ = {isa = PBXFileReference; lastKnownFileType = sourcecode.swift; path = ConfiguringViewController.swift; sourceTree = "<group>"; };
		B66041EE1FA905350076EBEF /* VirtualObject.swift */ = {isa = PBXFileReference; lastKnownFileType = sourcecode.swift; path = VirtualObject.swift; sourceTree = "<group>"; };
		B66634311FCBB09D006D5922 /* PinPlacemarkNode.swift */ = {isa = PBXFileReference; lastKnownFileType = sourcecode.swift; path = PinPlacemarkNode.swift; sourceTree = "<group>"; };
		B666343E1FCBCDA8006D5922 /* SavedLocationNode.swift */ = {isa = PBXFileReference; lastKnownFileType = sourcecode.swift; path = SavedLocationNode.swift; sourceTree = "<group>"; };
		B668AB3F2006052300997FB9 /* ARDistanceType.swift */ = {isa = PBXFileReference; lastKnownFileType = sourcecode.swift; path = ARDistanceType.swift; sourceTree = "<group>"; };
		B668AB4120060C6B00997FB9 /* ARViewController+Gestures.swift */ = {isa = PBXFileReference; lastKnownFileType = sourcecode.swift; path = "ARViewController+Gestures.swift"; sourceTree = "<group>"; };
		B68A7DB11FF9AB8F00C45FF6 /* BottomUpPresentationManager.swift */ = {isa = PBXFileReference; lastKnownFileType = sourcecode.swift; path = BottomUpPresentationManager.swift; sourceTree = "<group>"; };
		B68A7DBB1FFCC23700C45FF6 /* TopKnobVisualEffectContainerViewController.swift */ = {isa = PBXFileReference; lastKnownFileType = sourcecode.swift; path = TopKnobVisualEffectContainerViewController.swift; sourceTree = "<group>"; };
		B68A7DBD1FFCC2F200C45FF6 /* DesiredContentHeightDelegate.swift */ = {isa = PBXFileReference; lastKnownFileType = sourcecode.swift; path = DesiredContentHeightDelegate.swift; sourceTree = "<group>"; };
		B68A7DBF1FFCC9F200C45FF6 /* KeyboardFrameRespondable.swift */ = {isa = PBXFileReference; lastKnownFileType = sourcecode.swift; path = KeyboardFrameRespondable.swift; sourceTree = "<group>"; };
		B695236A1FA8D11E0014ABED /* CLLocation+Util.swift */ = {isa = PBXFileReference; lastKnownFileType = sourcecode.swift; path = "CLLocation+Util.swift"; sourceTree = "<group>"; };
		B695236C1FA8D2E10014ABED /* SCNVector3+Util.swift */ = {isa = PBXFileReference; lastKnownFileType = sourcecode.swift; path = "SCNVector3+Util.swift"; sourceTree = "<group>"; };
		B695236E1FA8D3430014ABED /* AxesNode.swift */ = {isa = PBXFileReference; lastKnownFileType = sourcecode.swift; path = AxesNode.swift; sourceTree = "<group>"; };
		B69B94561FBE20A600A7047F /* MapItem.swift */ = {isa = PBXFileReference; lastKnownFileType = sourcecode.swift; path = MapItem.swift; sourceTree = "<group>"; };
		B69BDAD21FA7F84400A385DE /* UIApplication+Util.swift */ = {isa = PBXFileReference; lastKnownFileType = sourcecode.swift; path = "UIApplication+Util.swift"; sourceTree = "<group>"; };
		B69BDAD41FA7FB0B00A385DE /* Double+Util.swift */ = {isa = PBXFileReference; lastKnownFileType = sourcecode.swift; path = "Double+Util.swift"; sourceTree = "<group>"; };
		B6AA79B71FB89EC900428D86 /* AddLocationContainerViewController.swift */ = {isa = PBXFileReference; lastKnownFileType = sourcecode.swift; path = AddLocationContainerViewController.swift; sourceTree = "<group>"; };
		B6AA79B91FB89FD000428D86 /* AddLocation.storyboard */ = {isa = PBXFileReference; lastKnownFileType = file.storyboard; path = AddLocation.storyboard; sourceTree = "<group>"; };
		B6AA79BC1FB8A3D000428D86 /* VisualEffectContainerViewController.swift */ = {isa = PBXFileReference; lastKnownFileType = sourcecode.swift; path = VisualEffectContainerViewController.swift; sourceTree = "<group>"; };
		B6B47FD41FBFB61B004AE609 /* SearchViewController+Cells.swift */ = {isa = PBXFileReference; lastKnownFileType = sourcecode.swift; path = "SearchViewController+Cells.swift"; sourceTree = "<group>"; };
		B6C576441FB2FF0E00C4966F /* String+Util.swift */ = {isa = PBXFileReference; lastKnownFileType = sourcecode.swift; path = "String+Util.swift"; sourceTree = "<group>"; };
		B6C6EA251FA79B45001F97E7 /* ARMap.app */ = {isa = PBXFileReference; explicitFileType = wrapper.application; includeInIndex = 0; path = ARMap.app; sourceTree = BUILT_PRODUCTS_DIR; };
		B6C6EA281FA79B45001F97E7 /* AppDelegate.swift */ = {isa = PBXFileReference; lastKnownFileType = sourcecode.swift; path = AppDelegate.swift; sourceTree = "<group>"; };
		B6C6EA2D1FA79B45001F97E7 /* Base */ = {isa = PBXFileReference; lastKnownFileType = file.storyboard; name = Base; path = Base.lproj/Main.storyboard; sourceTree = "<group>"; };
		B6C6EA301FA79B45001F97E7 /* TackARLocation.xcdatamodel */ = {isa = PBXFileReference; lastKnownFileType = wrapper.xcdatamodel; path = TackARLocation.xcdatamodel; sourceTree = "<group>"; };
		B6C6EA321FA79B45001F97E7 /* Assets.xcassets */ = {isa = PBXFileReference; lastKnownFileType = folder.assetcatalog; path = Assets.xcassets; sourceTree = "<group>"; };
		B6C6EA351FA79B45001F97E7 /* Base */ = {isa = PBXFileReference; lastKnownFileType = file.storyboard; name = Base; path = Base.lproj/LaunchScreen.storyboard; sourceTree = "<group>"; };
		B6C6EA371FA79B45001F97E7 /* Info.plist */ = {isa = PBXFileReference; lastKnownFileType = text.plist.xml; path = Info.plist; sourceTree = "<group>"; };
		B6C6EA411FA79F77001F97E7 /* LocationManager.swift */ = {isa = PBXFileReference; lastKnownFileType = sourcecode.swift; path = LocationManager.swift; sourceTree = "<group>"; };
		B6C6EA441FA7A050001F97E7 /* PermissionsViewController.swift */ = {isa = PBXFileReference; lastKnownFileType = sourcecode.swift; path = PermissionsViewController.swift; sourceTree = "<group>"; };
		B6C6EA471FA7A15C001F97E7 /* ViewControllerFromStoryboardProtocol.swift */ = {isa = PBXFileReference; lastKnownFileType = sourcecode.swift; path = ViewControllerFromStoryboardProtocol.swift; sourceTree = "<group>"; };
		B6C6EA491FA7A3DB001F97E7 /* MainViewController.swift */ = {isa = PBXFileReference; lastKnownFileType = sourcecode.swift; path = MainViewController.swift; sourceTree = "<group>"; };
		B6C6EA4B1FA7A694001F97E7 /* RootNavigationController.swift */ = {isa = PBXFileReference; lastKnownFileType = sourcecode.swift; path = RootNavigationController.swift; sourceTree = "<group>"; };
		B6C6EA4D1FA7A9A6001F97E7 /* BaseNavigationController.swift */ = {isa = PBXFileReference; lastKnownFileType = sourcecode.swift; path = BaseNavigationController.swift; sourceTree = "<group>"; };
		B6C6EA511FA7ACEC001F97E7 /* ARViewController.swift */ = {isa = PBXFileReference; lastKnownFileType = sourcecode.swift; path = ARViewController.swift; sourceTree = "<group>"; };
		B6C6EA531FA7AEA4001F97E7 /* Loggable.swift */ = {isa = PBXFileReference; lastKnownFileType = sourcecode.swift; path = Loggable.swift; sourceTree = "<group>"; };
		B6C6EA561FA7AF56001F97E7 /* SCNNode+Util.swift */ = {isa = PBXFileReference; lastKnownFileType = sourcecode.swift; path = "SCNNode+Util.swift"; sourceTree = "<group>"; };
		B6C6EA581FA7AFEF001F97E7 /* ARSCNView+Util.swift */ = {isa = PBXFileReference; lastKnownFileType = sourcecode.swift; path = "ARSCNView+Util.swift"; sourceTree = "<group>"; };
		B6C6EA5A1FA7B02B001F97E7 /* Models.scnassets */ = {isa = PBXFileReference; lastKnownFileType = wrapper.scnassets; path = Models.scnassets; sourceTree = "<group>"; };
		B6C6EA5C1FA7B0C3001F97E7 /* CGRect+Util.swift */ = {isa = PBXFileReference; lastKnownFileType = sourcecode.swift; path = "CGRect+Util.swift"; sourceTree = "<group>"; };
		B6C6EA5E1FA7B5D6001F97E7 /* SCNMaterial+Util.swift */ = {isa = PBXFileReference; lastKnownFileType = sourcecode.swift; path = "SCNMaterial+Util.swift"; sourceTree = "<group>"; };
		B6C6EA601FA7B68C001F97E7 /* Plane.swift */ = {isa = PBXFileReference; lastKnownFileType = sourcecode.swift; path = Plane.swift; sourceTree = "<group>"; };
		B6C6EA631FA7BD33001F97E7 /* DataMangerProtocol.swift */ = {isa = PBXFileReference; lastKnownFileType = sourcecode.swift; path = DataMangerProtocol.swift; sourceTree = "<group>"; };
		B6C6EA651FA7BD5B001F97E7 /* MyDataManager.swift */ = {isa = PBXFileReference; lastKnownFileType = sourcecode.swift; path = MyDataManager.swift; sourceTree = "<group>"; };
		B6C6EA671FA7BD91001F97E7 /* MyManagedObjectProtocol.swift */ = {isa = PBXFileReference; lastKnownFileType = sourcecode.swift; path = MyManagedObjectProtocol.swift; sourceTree = "<group>"; };
		B6C6EA691FA7BE0A001F97E7 /* SavedLocation+MyManagedObjectProtocol.swift */ = {isa = PBXFileReference; lastKnownFileType = sourcecode.swift; path = "SavedLocation+MyManagedObjectProtocol.swift"; sourceTree = "<group>"; };
		B6C6EA6E1FA7C264001F97E7 /* LocationListViewController.swift */ = {isa = PBXFileReference; lastKnownFileType = sourcecode.swift; path = LocationListViewController.swift; sourceTree = "<group>"; };
		B6C6EA701FA7C26D001F97E7 /* AddLocationViewController.swift */ = {isa = PBXFileReference; lastKnownFileType = sourcecode.swift; path = AddLocationViewController.swift; sourceTree = "<group>"; };
		B6C6EA721FA7CDF9001F97E7 /* MainViewController+CoreLocation.swift */ = {isa = PBXFileReference; lastKnownFileType = sourcecode.swift; path = "MainViewController+CoreLocation.swift"; sourceTree = "<group>"; };
		B6C6EA741FA7D717001F97E7 /* Defaults+MyManagedObjectProtocol.swift */ = {isa = PBXFileReference; lastKnownFileType = sourcecode.swift; path = "Defaults+MyManagedObjectProtocol.swift"; sourceTree = "<group>"; };
		B6C6EA761FA7D761001F97E7 /* UnitType.swift */ = {isa = PBXFileReference; lastKnownFileType = sourcecode.swift; path = UnitType.swift; sourceTree = "<group>"; };
		B6C6EA781FA7DAB9001F97E7 /* LocationListViewController+Cells.swift */ = {isa = PBXFileReference; lastKnownFileType = sourcecode.swift; path = "LocationListViewController+Cells.swift"; sourceTree = "<group>"; };
		B6C6EA7A1FA7E5E1001F97E7 /* SettingsViewController.swift */ = {isa = PBXFileReference; lastKnownFileType = sourcecode.swift; path = SettingsViewController.swift; sourceTree = "<group>"; };
		B6C6EA7D1FA7E639001F97E7 /* PresentableController.swift */ = {isa = PBXFileReference; lastKnownFileType = sourcecode.swift; path = PresentableController.swift; sourceTree = "<group>"; };
		B6C6EA811FA7E670001F97E7 /* PresenationManagerProtocol.swift */ = {isa = PBXFileReference; lastKnownFileType = sourcecode.swift; path = PresenationManagerProtocol.swift; sourceTree = "<group>"; };
		B6C6EA831FA7E690001F97E7 /* InteractiveTransition.swift */ = {isa = PBXFileReference; lastKnownFileType = sourcecode.swift; path = InteractiveTransition.swift; sourceTree = "<group>"; };
		B6C6EA851FA7E6A6001F97E7 /* DragUpDismissInteractiveTransition.swift */ = {isa = PBXFileReference; lastKnownFileType = sourcecode.swift; path = DragUpDismissInteractiveTransition.swift; sourceTree = "<group>"; };
		B6C6EA871FA7E6BB001F97E7 /* LeftMenuPresentationManager.swift */ = {isa = PBXFileReference; lastKnownFileType = sourcecode.swift; path = LeftMenuPresentationManager.swift; sourceTree = "<group>"; };
		B6C6EA891FA7E6D2001F97E7 /* RightToLeftPresentationManager.swift */ = {isa = PBXFileReference; lastKnownFileType = sourcecode.swift; path = RightToLeftPresentationManager.swift; sourceTree = "<group>"; };
		B6C6EA8B1FA7E6E3001F97E7 /* HDFadeWithBlurPresentationManager.swift */ = {isa = PBXFileReference; lastKnownFileType = sourcecode.swift; path = HDFadeWithBlurPresentationManager.swift; sourceTree = "<group>"; };
		B6C6EA8D1FA7E6F5001F97E7 /* UIView+Util.swift */ = {isa = PBXFileReference; lastKnownFileType = sourcecode.swift; path = "UIView+Util.swift"; sourceTree = "<group>"; };
		B6C6EA8F1FA7E766001F97E7 /* TopDownPresentationManager.swift */ = {isa = PBXFileReference; lastKnownFileType = sourcecode.swift; path = TopDownPresentationManager.swift; sourceTree = "<group>"; };
		B6C6EA921FA7E83F001F97E7 /* Device.swift */ = {isa = PBXFileReference; lastKnownFileType = sourcecode.swift; path = Device.swift; sourceTree = "<group>"; };
		B6C6EA941FA7E869001F97E7 /* UIDevice+Util.swift */ = {isa = PBXFileReference; lastKnownFileType = sourcecode.swift; path = "UIDevice+Util.swift"; sourceTree = "<group>"; };
		B6C6EA961FA7E8B4001F97E7 /* DragDownDismissInteractiveTransition.swift */ = {isa = PBXFileReference; lastKnownFileType = sourcecode.swift; path = DragDownDismissInteractiveTransition.swift; sourceTree = "<group>"; };
		B6C6EA981FA7E8D1001F97E7 /* DragLeftDismissInteractiveTransition.swift */ = {isa = PBXFileReference; lastKnownFileType = sourcecode.swift; path = DragLeftDismissInteractiveTransition.swift; sourceTree = "<group>"; };
		B6C6EA9A1FA7E8E4001F97E7 /* DragRightDismissInteractiveTransition.swift */ = {isa = PBXFileReference; lastKnownFileType = sourcecode.swift; path = DragRightDismissInteractiveTransition.swift; sourceTree = "<group>"; };
		B6C6EA9C1FA7EBEE001F97E7 /* BaseViewController.swift */ = {isa = PBXFileReference; lastKnownFileType = sourcecode.swift; path = BaseViewController.swift; sourceTree = "<group>"; };
		B6C6EA9E1FA7EBF6001F97E7 /* BaseTableViewController.swift */ = {isa = PBXFileReference; lastKnownFileType = sourcecode.swift; path = BaseTableViewController.swift; sourceTree = "<group>"; };
		B6CE3D051FAA1E9400F9DF76 /* PlacemarkNode.swift */ = {isa = PBXFileReference; lastKnownFileType = sourcecode.swift; path = PlacemarkNode.swift; sourceTree = "<group>"; };
/* End PBXFileReference section */

/* Begin PBXFrameworksBuildPhase section */
		B6C6EA221FA79B45001F97E7 /* Frameworks */ = {
			isa = PBXFrameworksBuildPhase;
			buildActionMask = 2147483647;
			files = (
			);
			runOnlyForDeploymentPostprocessing = 0;
		};
/* End PBXFrameworksBuildPhase section */

/* Begin PBXGroup section */
		B61470021FB147410068CA67 /* InlineColorChooser */ = {
			isa = PBXGroup;
			children = (
				B61470031FB1475B0068CA67 /* InlineColorChooserViewController.swift */,
			);
			path = InlineColorChooser;
			sourceTree = "<group>";
		};
		B62735DA1FB7EDEB004711A4 /* Permissions */ = {
			isa = PBXGroup;
			children = (
				B62735DB1FB7EDFF004711A4 /* PermissionManager.swift */,
				B62735DD1FB7EEE2004711A4 /* CameraPermissionManager.swift */,
			);
			path = Permissions;
			sourceTree = "<group>";
		};
		B62735DF1FB82B7F004711A4 /* Search */ = {
			isa = PBXGroup;
			children = (
				B62735E01FB82B9E004711A4 /* SearchViewController.swift */,
				B6B47FD41FBFB61B004AE609 /* SearchViewController+Cells.swift */,
			);
			path = Search;
			sourceTree = "<group>";
		};
		B63419512006D2CE00847049 /* Build Manager */ = {
			isa = PBXGroup;
			children = (
				B63419522006D2DB00847049 /* BuildManager.swift */,
			);
			path = "Build Manager";
			sourceTree = "<group>";
		};
		B64391581FC28DD9005721E5 /* Location */ = {
			isa = PBXGroup;
			children = (
				B6C6EA411FA79F77001F97E7 /* LocationManager.swift */,
				B63B9A271FBA7D7100982FC6 /* LocationSearchService.swift */,
				B69B94561FBE20A600A7047F /* MapItem.swift */,
				B64391561FC2861B005721E5 /* CurrentLocationUpdatableService.swift */,
			);
			path = Location;
			sourceTree = "<group>";
		};
		B64391611FC2BEAF005721E5 /* Configuring View */ = {
			isa = PBXGroup;
			children = (
				B64391621FC2BEBF005721E5 /* ConfiguringViewController.swift */,
			);
			path = "Configuring View";
			sourceTree = "<group>";
		};
		B6AA79B61FB89EAB00428D86 /* Add Location */ = {
			isa = PBXGroup;
			children = (
				B6AA79B71FB89EC900428D86 /* AddLocationContainerViewController.swift */,
				B6C6EA701FA7C26D001F97E7 /* AddLocationViewController.swift */,
			);
			path = "Add Location";
			sourceTree = "<group>";
		};
		B6AA79BB1FB8A3B900428D86 /* Visual Effect Container */ = {
			isa = PBXGroup;
			children = (
				B6AA79BC1FB8A3D000428D86 /* VisualEffectContainerViewController.swift */,
				B68A7DBB1FFCC23700C45FF6 /* TopKnobVisualEffectContainerViewController.swift */,
			);
			path = "Visual Effect Container";
			sourceTree = "<group>";
		};
		B6C6EA1C1FA79B44001F97E7 = {
			isa = PBXGroup;
			children = (
				B6C6EA271FA79B45001F97E7 /* ARMap */,
				B6C6EA261FA79B45001F97E7 /* Products */,
			);
			sourceTree = "<group>";
		};
		B6C6EA261FA79B45001F97E7 /* Products */ = {
			isa = PBXGroup;
			children = (
				B6C6EA251FA79B45001F97E7 /* ARMap.app */,
			);
			name = Products;
			sourceTree = "<group>";
		};
		B6C6EA271FA79B45001F97E7 /* ARMap */ = {
			isa = PBXGroup;
			children = (
				B6C6EA281FA79B45001F97E7 /* AppDelegate.swift */,
				B6C6EA3D1FA79F21001F97E7 /* Common */,
				B6C6EA3E1FA79F2B001F97E7 /* Controllers */,
				B6C6EA3F1FA79F35001F97E7 /* Supporting Files */,
			);
			path = ARMap;
			sourceTree = "<group>";
		};
		B6C6EA3D1FA79F21001F97E7 /* Common */ = {
			isa = PBXGroup;
			children = (
				B63419512006D2CE00847049 /* Build Manager */,
				B62735DA1FB7EDEB004711A4 /* Permissions */,
				B6C6EA911FA7E836001F97E7 /* Device */,
				B6C6EA7C1FA7E62B001F97E7 /* Presenting Controllers */,
				B6C6EA551FA7AF49001F97E7 /* Extensions */,
				B6C6EA461FA7A14F001F97E7 /* Protocols */,
				B6C6EA401FA79F43001F97E7 /* Model */,
				B6C6EA621FA7B6AD001F97E7 /* SceneKit */,
				B64391581FC28DD9005721E5 /* Location */,
				B6C6EA761FA7D761001F97E7 /* UnitType.swift */,
				B61470051FB1485F0068CA67 /* Style.swift */,
				B64391591FC29989005721E5 /* Distance.swift */,
				B643915F1FC2BCF1005721E5 /* ARState.swift */,
				B668AB3F2006052300997FB9 /* ARDistanceType.swift */,
			);
			path = Common;
			sourceTree = "<group>";
		};
		B6C6EA3E1FA79F2B001F97E7 /* Controllers */ = {
			isa = PBXGroup;
			children = (
				B6C6EA2C1FA79B45001F97E7 /* Main.storyboard */,
				B6AA79B91FB89FD000428D86 /* AddLocation.storyboard */,
				B6C6EA4D1FA7A9A6001F97E7 /* BaseNavigationController.swift */,
				B6C6EA9C1FA7EBEE001F97E7 /* BaseViewController.swift */,
				B6C6EA9E1FA7EBF6001F97E7 /* BaseTableViewController.swift */,
				B6C6EA4B1FA7A694001F97E7 /* RootNavigationController.swift */,
				B6C6EA4F1FA7AC9E001F97E7 /* Permissions */,
				B6C6EA501FA7ACA5001F97E7 /* Main */,
			);
			path = Controllers;
			sourceTree = "<group>";
		};
		B6C6EA3F1FA79F35001F97E7 /* Supporting Files */ = {
			isa = PBXGroup;
			children = (
				B6C6EA321FA79B45001F97E7 /* Assets.xcassets */,
				B6C6EA341FA79B45001F97E7 /* LaunchScreen.storyboard */,
				B6C6EA371FA79B45001F97E7 /* Info.plist */,
			);
			path = "Supporting Files";
			sourceTree = "<group>";
		};
		B6C6EA401FA79F43001F97E7 /* Model */ = {
			isa = PBXGroup;
			children = (
				B6C6EA2F1FA79B45001F97E7 /* ARMap.xcdatamodeld */,
				B6C6EA631FA7BD33001F97E7 /* DataMangerProtocol.swift */,
				B6C6EA651FA7BD5B001F97E7 /* MyDataManager.swift */,
				B6C6EA671FA7BD91001F97E7 /* MyManagedObjectProtocol.swift */,
				B6C6EA691FA7BE0A001F97E7 /* SavedLocation+MyManagedObjectProtocol.swift */,
				B6C6EA741FA7D717001F97E7 /* Defaults+MyManagedObjectProtocol.swift */,
				B614700A1FB180E30068CA67 /* Color+MyManagedObjectProtocol.swift */,
			);
			path = Model;
			sourceTree = "<group>";
		};
		B6C6EA461FA7A14F001F97E7 /* Protocols */ = {
			isa = PBXGroup;
			children = (
				B6C6EA471FA7A15C001F97E7 /* ViewControllerFromStoryboardProtocol.swift */,
				B6C6EA531FA7AEA4001F97E7 /* Loggable.swift */,
				B620C3761FBB6043001B29E9 /* BatchUpdatable.swift */,
				B68A7DBD1FFCC2F200C45FF6 /* DesiredContentHeightDelegate.swift */,
				B68A7DBF1FFCC9F200C45FF6 /* KeyboardFrameRespondable.swift */,
			);
			path = Protocols;
			sourceTree = "<group>";
		};
		B6C6EA4F1FA7AC9E001F97E7 /* Permissions */ = {
			isa = PBXGroup;
			children = (
				B6C6EA441FA7A050001F97E7 /* PermissionsViewController.swift */,
			);
			path = Permissions;
			sourceTree = "<group>";
		};
		B6C6EA501FA7ACA5001F97E7 /* Main */ = {
			isa = PBXGroup;
			children = (
				B6C6EA491FA7A3DB001F97E7 /* MainViewController.swift */,
				B6C6EA721FA7CDF9001F97E7 /* MainViewController+CoreLocation.swift */,
				B643915D1FC2B548005721E5 /* MainViewController+AR.swift */,
				B6C7915F1FE768AD00037105 /* Placemark AR */,
				B64391611FC2BEAF005721E5 /* Configuring View */,
				B6AA79BB1FB8A3B900428D86 /* Visual Effect Container */,
				B6C6EA6D1FA7C255001F97E7 /* Location List */,
				B6C6EA6C1FA7C24C001F97E7 /* Location Detail */,
				B6C6EA6B1FA7C246001F97E7 /* Settings */,
				B61470021FB147410068CA67 /* InlineColorChooser */,
				B6AA79B61FB89EAB00428D86 /* Add Location */,
				B62735DF1FB82B7F004711A4 /* Search */,
			);
			path = Main;
			sourceTree = "<group>";
		};
		B6C6EA551FA7AF49001F97E7 /* Extensions */ = {
			isa = PBXGroup;
			children = (
				B6C6EA561FA7AF56001F97E7 /* SCNNode+Util.swift */,
				B695236C1FA8D2E10014ABED /* SCNVector3+Util.swift */,
				B6C6EA581FA7AFEF001F97E7 /* ARSCNView+Util.swift */,
				B6C6EA5C1FA7B0C3001F97E7 /* CGRect+Util.swift */,
				B6C6EA5E1FA7B5D6001F97E7 /* SCNMaterial+Util.swift */,
				B6C6EA8D1FA7E6F5001F97E7 /* UIView+Util.swift */,
				B6C6EA941FA7E869001F97E7 /* UIDevice+Util.swift */,
				B69BDAD21FA7F84400A385DE /* UIApplication+Util.swift */,
				B69BDAD41FA7FB0B00A385DE /* Double+Util.swift */,
				B695236A1FA8D11E0014ABED /* CLLocation+Util.swift */,
				B61470071FB148720068CA67 /* UIColor+Util.swift */,
				B614700C1FB193FA0068CA67 /* UIViewController+Util.swift */,
				B614700E1FB194380068CA67 /* UICollectionView+Util.swift */,
				B6C576441FB2FF0E00C4966F /* String+Util.swift */,
			);
			path = Extensions;
			sourceTree = "<group>";
		};
		B6C6EA621FA7B6AD001F97E7 /* SceneKit */ = {
			isa = PBXGroup;
			children = (
				B6C6EA5A1FA7B02B001F97E7 /* Models.scnassets */,
				B6C6EA601FA7B68C001F97E7 /* Plane.swift */,
				B695236E1FA8D3430014ABED /* AxesNode.swift */,
				B66041EE1FA905350076EBEF /* VirtualObject.swift */,
				B6CE3D051FAA1E9400F9DF76 /* PlacemarkNode.swift */,
				B66634311FCBB09D006D5922 /* PinPlacemarkNode.swift */,
				B666343E1FCBCDA8006D5922 /* SavedLocationNode.swift */,
			);
			path = SceneKit;
			sourceTree = "<group>";
		};
		B6C6EA6B1FA7C246001F97E7 /* Settings */ = {
			isa = PBXGroup;
			children = (
				B6C6EA7A1FA7E5E1001F97E7 /* SettingsViewController.swift */,
			);
			path = Settings;
			sourceTree = "<group>";
		};
		B6C6EA6C1FA7C24C001F97E7 /* Location Detail */ = {
			isa = PBXGroup;
			children = (
				B6214149201420300035C787 /* LocationDetailViewController.swift */,
			);
			path = "Location Detail";
			sourceTree = "<group>";
		};
		B6C6EA6D1FA7C255001F97E7 /* Location List */ = {
			isa = PBXGroup;
			children = (
				B6C6EA6E1FA7C264001F97E7 /* LocationListViewController.swift */,
				B6C6EA781FA7DAB9001F97E7 /* LocationListViewController+Cells.swift */,
			);
			path = "Location List";
			sourceTree = "<group>";
		};
		B6C6EA7C1FA7E62B001F97E7 /* Presenting Controllers */ = {
			isa = PBXGroup;
			children = (
				B6C6EA7D1FA7E639001F97E7 /* PresentableController.swift */,
				B6C6EA7F1FA7E651001F97E7 /* Custom Controller Presentations */,
				B6C6EA801FA7E65A001F97E7 /* Interactive Transitions */,
			);
			path = "Presenting Controllers";
			sourceTree = "<group>";
		};
		B6C6EA7F1FA7E651001F97E7 /* Custom Controller Presentations */ = {
			isa = PBXGroup;
			children = (
				B6C6EA811FA7E670001F97E7 /* PresenationManagerProtocol.swift */,
				B6C6EA871FA7E6BB001F97E7 /* LeftMenuPresentationManager.swift */,
				B6C6EA891FA7E6D2001F97E7 /* RightToLeftPresentationManager.swift */,
				B6C6EA8B1FA7E6E3001F97E7 /* HDFadeWithBlurPresentationManager.swift */,
				B6C6EA8F1FA7E766001F97E7 /* TopDownPresentationManager.swift */,
				B68A7DB11FF9AB8F00C45FF6 /* BottomUpPresentationManager.swift */,
			);
			path = "Custom Controller Presentations";
			sourceTree = "<group>";
		};
		B6C6EA801FA7E65A001F97E7 /* Interactive Transitions */ = {
			isa = PBXGroup;
			children = (
				B6C6EA831FA7E690001F97E7 /* InteractiveTransition.swift */,
				B6C6EA851FA7E6A6001F97E7 /* DragUpDismissInteractiveTransition.swift */,
				B6C6EA961FA7E8B4001F97E7 /* DragDownDismissInteractiveTransition.swift */,
				B6C6EA981FA7E8D1001F97E7 /* DragLeftDismissInteractiveTransition.swift */,
				B6C6EA9A1FA7E8E4001F97E7 /* DragRightDismissInteractiveTransition.swift */,
			);
			path = "Interactive Transitions";
			sourceTree = "<group>";
		};
		B6C6EA911FA7E836001F97E7 /* Device */ = {
			isa = PBXGroup;
			children = (
				B6C6EA921FA7E83F001F97E7 /* Device.swift */,
			);
			path = Device;
			sourceTree = "<group>";
		};
		B6C7915F1FE768AD00037105 /* Placemark AR */ = {
			isa = PBXGroup;
			children = (
				B6C6EA511FA7ACEC001F97E7 /* ARViewController.swift */,
				B668AB4120060C6B00997FB9 /* ARViewController+Gestures.swift */,
			);
			path = "Placemark AR";
			sourceTree = "<group>";
		};
/* End PBXGroup section */

/* Begin PBXNativeTarget section */
		B6C6EA241FA79B45001F97E7 /* ARMap */ = {
			isa = PBXNativeTarget;
			buildConfigurationList = B6C6EA3A1FA79B45001F97E7 /* Build configuration list for PBXNativeTarget "ARMap" */;
			buildPhases = (
				B6C6EA211FA79B45001F97E7 /* Sources */,
				B6C6EA221FA79B45001F97E7 /* Frameworks */,
				B6C6EA231FA79B45001F97E7 /* Resources */,
			);
			buildRules = (
			);
			dependencies = (
			);
			name = ARMap;
			productName = TackARLocation;
			productReference = B6C6EA251FA79B45001F97E7 /* ARMap.app */;
			productType = "com.apple.product-type.application";
		};
/* End PBXNativeTarget section */

/* Begin PBXProject section */
		B6C6EA1D1FA79B44001F97E7 /* Project object */ = {
			isa = PBXProject;
			attributes = {
				LastSwiftUpdateCheck = 0910;
				LastUpgradeCheck = 0910;
				ORGANIZATIONNAME = Kozinga;
				TargetAttributes = {
					B6C6EA241FA79B45001F97E7 = {
						CreatedOnToolsVersion = 9.1;
						ProvisioningStyle = Automatic;
					};
				};
			};
			buildConfigurationList = B6C6EA201FA79B44001F97E7 /* Build configuration list for PBXProject "ARMap" */;
			compatibilityVersion = "Xcode 8.0";
			developmentRegion = en;
			hasScannedForEncodings = 0;
			knownRegions = (
				en,
				Base,
			);
			mainGroup = B6C6EA1C1FA79B44001F97E7;
			productRefGroup = B6C6EA261FA79B45001F97E7 /* Products */;
			projectDirPath = "";
			projectRoot = "";
			targets = (
				B6C6EA241FA79B45001F97E7 /* ARMap */,
			);
		};
/* End PBXProject section */

/* Begin PBXResourcesBuildPhase section */
		B6C6EA231FA79B45001F97E7 /* Resources */ = {
			isa = PBXResourcesBuildPhase;
			buildActionMask = 2147483647;
			files = (
				B6C6EA361FA79B45001F97E7 /* LaunchScreen.storyboard in Resources */,
				B6C6EA5B1FA7B02B001F97E7 /* Models.scnassets in Resources */,
				B6C6EA331FA79B45001F97E7 /* Assets.xcassets in Resources */,
				B6C6EA2E1FA79B45001F97E7 /* Main.storyboard in Resources */,
				B6AA79BA1FB89FD000428D86 /* AddLocation.storyboard in Resources */,
			);
			runOnlyForDeploymentPostprocessing = 0;
		};
/* End PBXResourcesBuildPhase section */

/* Begin PBXSourcesBuildPhase section */
		B6C6EA211FA79B45001F97E7 /* Sources */ = {
			isa = PBXSourcesBuildPhase;
			buildActionMask = 2147483647;
			files = (
				B6C6EA4A1FA7A3DB001F97E7 /* MainViewController.swift in Sources */,
				B6C6EA9F1FA7EBF6001F97E7 /* BaseTableViewController.swift in Sources */,
				B6C6EA6A1FA7BE0A001F97E7 /* SavedLocation+MyManagedObjectProtocol.swift in Sources */,
				B6C6EA4C1FA7A694001F97E7 /* RootNavigationController.swift in Sources */,
				B63419532006D2DB00847049 /* BuildManager.swift in Sources */,
				B614700F1FB194380068CA67 /* UICollectionView+Util.swift in Sources */,
				B64391571FC2861B005721E5 /* CurrentLocationUpdatableService.swift in Sources */,
				B695236F1FA8D3430014ABED /* AxesNode.swift in Sources */,
				B6C576451FB2FF0E00C4966F /* String+Util.swift in Sources */,
				B6AA79B81FB89EC900428D86 /* AddLocationContainerViewController.swift in Sources */,
				B6C6EA451FA7A050001F97E7 /* PermissionsViewController.swift in Sources */,
				B6C6EA661FA7BD5B001F97E7 /* MyDataManager.swift in Sources */,
				B6C6EA9D1FA7EBEE001F97E7 /* BaseViewController.swift in Sources */,
				B6C791621FE76DBC00037105 /* SavedLocationNode.swift in Sources */,
				B6C6EA951FA7E869001F97E7 /* UIDevice+Util.swift in Sources */,
				B6C6EA821FA7E670001F97E7 /* PresenationManagerProtocol.swift in Sources */,
				B668AB4220060C6B00997FB9 /* ARViewController+Gestures.swift in Sources */,
				B695236B1FA8D11E0014ABED /* CLLocation+Util.swift in Sources */,
				B63B9A281FBA7D7100982FC6 /* LocationSearchService.swift in Sources */,
				B6C6EA711FA7C26D001F97E7 /* AddLocationViewController.swift in Sources */,
				B62735E11FB82B9E004711A4 /* SearchViewController.swift in Sources */,
				B64391601FC2BCF1005721E5 /* ARState.swift in Sources */,
				B6C6EA971FA7E8B4001F97E7 /* DragDownDismissInteractiveTransition.swift in Sources */,
				B6C6EA931FA7E83F001F97E7 /* Device.swift in Sources */,
				B621414A201420300035C787 /* LocationDetailViewController.swift in Sources */,
				B6C6EA5D1FA7B0C3001F97E7 /* CGRect+Util.swift in Sources */,
				B62735DC1FB7EDFF004711A4 /* PermissionManager.swift in Sources */,
				B69B94571FBE20A600A7047F /* MapItem.swift in Sources */,
				B6C6EA991FA7E8D1001F97E7 /* DragLeftDismissInteractiveTransition.swift in Sources */,
				B6C6EA681FA7BD91001F97E7 /* MyManagedObjectProtocol.swift in Sources */,
				B6C6EA421FA79F77001F97E7 /* LocationManager.swift in Sources */,
				B6C6EA571FA7AF56001F97E7 /* SCNNode+Util.swift in Sources */,
				B695236D1FA8D2E10014ABED /* SCNVector3+Util.swift in Sources */,
				B62735DE1FB7EEE2004711A4 /* CameraPermissionManager.swift in Sources */,
				B6B47FD51FBFB61B004AE609 /* SearchViewController+Cells.swift in Sources */,
				B668AB402006052300997FB9 /* ARDistanceType.swift in Sources */,
				B6C6EA611FA7B68C001F97E7 /* Plane.swift in Sources */,
				B6C6EA8C1FA7E6E3001F97E7 /* HDFadeWithBlurPresentationManager.swift in Sources */,
				B61470081FB148720068CA67 /* UIColor+Util.swift in Sources */,
				B6C6EA8A1FA7E6D2001F97E7 /* RightToLeftPresentationManager.swift in Sources */,
				B6C6EA791FA7DAB9001F97E7 /* LocationListViewController+Cells.swift in Sources */,
				B6C6EA6F1FA7C264001F97E7 /* LocationListViewController.swift in Sources */,
				B69BDAD51FA7FB0B00A385DE /* Double+Util.swift in Sources */,
				B620C3771FBB6043001B29E9 /* BatchUpdatable.swift in Sources */,
				B6C6EA9B1FA7E8E4001F97E7 /* DragRightDismissInteractiveTransition.swift in Sources */,
				B6C6EA311FA79B45001F97E7 /* ARMap.xcdatamodeld in Sources */,
				B61470041FB1475B0068CA67 /* InlineColorChooserViewController.swift in Sources */,
				B6C6EA5F1FA7B5D6001F97E7 /* SCNMaterial+Util.swift in Sources */,
				B643915E1FC2B548005721E5 /* MainViewController+AR.swift in Sources */,
				B68A7DBC1FFCC23700C45FF6 /* TopKnobVisualEffectContainerViewController.swift in Sources */,
				B61470061FB1485F0068CA67 /* Style.swift in Sources */,
				B66041EF1FA905350076EBEF /* VirtualObject.swift in Sources */,
				B6C6EA4E1FA7A9A6001F97E7 /* BaseNavigationController.swift in Sources */,
				B69BDAD31FA7F84400A385DE /* UIApplication+Util.swift in Sources */,
				B6C6EA841FA7E690001F97E7 /* InteractiveTransition.swift in Sources */,
				B6C6EA481FA7A15C001F97E7 /* ViewControllerFromStoryboardProtocol.swift in Sources */,
				B643915A1FC29989005721E5 /* Distance.swift in Sources */,
				B614700B1FB180E30068CA67 /* Color+MyManagedObjectProtocol.swift in Sources */,
				B68A7DBE1FFCC2F200C45FF6 /* DesiredContentHeightDelegate.swift in Sources */,
				B6C6EA8E1FA7E6F5001F97E7 /* UIView+Util.swift in Sources */,
				B6C6EA751FA7D717001F97E7 /* Defaults+MyManagedObjectProtocol.swift in Sources */,
				B64391631FC2BEBF005721E5 /* ConfiguringViewController.swift in Sources */,
				B6C6EA861FA7E6A6001F97E7 /* DragUpDismissInteractiveTransition.swift in Sources */,
				B6CE3D061FAA1E9400F9DF76 /* PlacemarkNode.swift in Sources */,
				B6C6EA7E1FA7E639001F97E7 /* PresentableController.swift in Sources */,
				B6C6EA541FA7AEA4001F97E7 /* Loggable.swift in Sources */,
				B6C6EA291FA79B45001F97E7 /* AppDelegate.swift in Sources */,
				B6C6EA881FA7E6BB001F97E7 /* LeftMenuPresentationManager.swift in Sources */,
				B6C6EA731FA7CDF9001F97E7 /* MainViewController+CoreLocation.swift in Sources */,
				B6C6EA901FA7E766001F97E7 /* TopDownPresentationManager.swift in Sources */,
				B6C6EA771FA7D761001F97E7 /* UnitType.swift in Sources */,
				B6AA79BD1FB8A3D000428D86 /* VisualEffectContainerViewController.swift in Sources */,
				B68A7DC01FFCC9F200C45FF6 /* KeyboardFrameRespondable.swift in Sources */,
				B614700D1FB193FA0068CA67 /* UIViewController+Util.swift in Sources */,
				B6C6EA641FA7BD33001F97E7 /* DataMangerProtocol.swift in Sources */,
				B6C6EA591FA7AFEF001F97E7 /* ARSCNView+Util.swift in Sources */,
				B6C6EA521FA7ACEC001F97E7 /* ARViewController.swift in Sources */,
				B68A7DB21FF9AB8F00C45FF6 /* BottomUpPresentationManager.swift in Sources */,
				B66634321FCBB09D006D5922 /* PinPlacemarkNode.swift in Sources */,
				B6C6EA7B1FA7E5E1001F97E7 /* SettingsViewController.swift in Sources */,
			);
			runOnlyForDeploymentPostprocessing = 0;
		};
/* End PBXSourcesBuildPhase section */

/* Begin PBXVariantGroup section */
		B6C6EA2C1FA79B45001F97E7 /* Main.storyboard */ = {
			isa = PBXVariantGroup;
			children = (
				B6C6EA2D1FA79B45001F97E7 /* Base */,
			);
			name = Main.storyboard;
			sourceTree = "<group>";
		};
		B6C6EA341FA79B45001F97E7 /* LaunchScreen.storyboard */ = {
			isa = PBXVariantGroup;
			children = (
				B6C6EA351FA79B45001F97E7 /* Base */,
			);
			name = LaunchScreen.storyboard;
			sourceTree = "<group>";
		};
/* End PBXVariantGroup section */

/* Begin XCBuildConfiguration section */
		B6C6EA381FA79B45001F97E7 /* Debug */ = {
			isa = XCBuildConfiguration;
			buildSettings = {
				ALWAYS_SEARCH_USER_PATHS = NO;
				CLANG_ANALYZER_NONNULL = YES;
				CLANG_ANALYZER_NUMBER_OBJECT_CONVERSION = YES_AGGRESSIVE;
				CLANG_CXX_LANGUAGE_STANDARD = "gnu++14";
				CLANG_CXX_LIBRARY = "libc++";
				CLANG_ENABLE_MODULES = YES;
				CLANG_ENABLE_OBJC_ARC = YES;
				CLANG_WARN_BLOCK_CAPTURE_AUTORELEASING = YES;
				CLANG_WARN_BOOL_CONVERSION = YES;
				CLANG_WARN_COMMA = YES;
				CLANG_WARN_CONSTANT_CONVERSION = YES;
				CLANG_WARN_DIRECT_OBJC_ISA_USAGE = YES_ERROR;
				CLANG_WARN_DOCUMENTATION_COMMENTS = YES;
				CLANG_WARN_EMPTY_BODY = YES;
				CLANG_WARN_ENUM_CONVERSION = YES;
				CLANG_WARN_INFINITE_RECURSION = YES;
				CLANG_WARN_INT_CONVERSION = YES;
				CLANG_WARN_NON_LITERAL_NULL_CONVERSION = YES;
				CLANG_WARN_OBJC_LITERAL_CONVERSION = YES;
				CLANG_WARN_OBJC_ROOT_CLASS = YES_ERROR;
				CLANG_WARN_RANGE_LOOP_ANALYSIS = YES;
				CLANG_WARN_STRICT_PROTOTYPES = YES;
				CLANG_WARN_SUSPICIOUS_MOVE = YES;
				CLANG_WARN_UNGUARDED_AVAILABILITY = YES_AGGRESSIVE;
				CLANG_WARN_UNREACHABLE_CODE = YES;
				CLANG_WARN__DUPLICATE_METHOD_MATCH = YES;
				CODE_SIGN_IDENTITY = "iPhone Developer";
				COPY_PHASE_STRIP = NO;
				DEBUG_INFORMATION_FORMAT = dwarf;
				ENABLE_STRICT_OBJC_MSGSEND = YES;
				ENABLE_TESTABILITY = YES;
				GCC_C_LANGUAGE_STANDARD = gnu11;
				GCC_DYNAMIC_NO_PIC = NO;
				GCC_NO_COMMON_BLOCKS = YES;
				GCC_OPTIMIZATION_LEVEL = 0;
				GCC_PREPROCESSOR_DEFINITIONS = (
					"DEBUG=1",
					"$(inherited)",
				);
				GCC_WARN_64_TO_32_BIT_CONVERSION = YES;
				GCC_WARN_ABOUT_RETURN_TYPE = YES_ERROR;
				GCC_WARN_UNDECLARED_SELECTOR = YES;
				GCC_WARN_UNINITIALIZED_AUTOS = YES_AGGRESSIVE;
				GCC_WARN_UNUSED_FUNCTION = YES;
				GCC_WARN_UNUSED_VARIABLE = YES;
				IPHONEOS_DEPLOYMENT_TARGET = 11.0;
				MTL_ENABLE_DEBUG_INFO = YES;
				ONLY_ACTIVE_ARCH = YES;
				OTHER_SWIFT_FLAGS = "-DDEBUG";
				SDKROOT = iphoneos;
				SWIFT_ACTIVE_COMPILATION_CONDITIONS = DEBUG;
				SWIFT_OPTIMIZATION_LEVEL = "-Onone";
			};
			name = Debug;
		};
		B6C6EA391FA79B45001F97E7 /* Release */ = {
			isa = XCBuildConfiguration;
			buildSettings = {
				ALWAYS_SEARCH_USER_PATHS = NO;
				CLANG_ANALYZER_NONNULL = YES;
				CLANG_ANALYZER_NUMBER_OBJECT_CONVERSION = YES_AGGRESSIVE;
				CLANG_CXX_LANGUAGE_STANDARD = "gnu++14";
				CLANG_CXX_LIBRARY = "libc++";
				CLANG_ENABLE_MODULES = YES;
				CLANG_ENABLE_OBJC_ARC = YES;
				CLANG_WARN_BLOCK_CAPTURE_AUTORELEASING = YES;
				CLANG_WARN_BOOL_CONVERSION = YES;
				CLANG_WARN_COMMA = YES;
				CLANG_WARN_CONSTANT_CONVERSION = YES;
				CLANG_WARN_DIRECT_OBJC_ISA_USAGE = YES_ERROR;
				CLANG_WARN_DOCUMENTATION_COMMENTS = YES;
				CLANG_WARN_EMPTY_BODY = YES;
				CLANG_WARN_ENUM_CONVERSION = YES;
				CLANG_WARN_INFINITE_RECURSION = YES;
				CLANG_WARN_INT_CONVERSION = YES;
				CLANG_WARN_NON_LITERAL_NULL_CONVERSION = YES;
				CLANG_WARN_OBJC_LITERAL_CONVERSION = YES;
				CLANG_WARN_OBJC_ROOT_CLASS = YES_ERROR;
				CLANG_WARN_RANGE_LOOP_ANALYSIS = YES;
				CLANG_WARN_STRICT_PROTOTYPES = YES;
				CLANG_WARN_SUSPICIOUS_MOVE = YES;
				CLANG_WARN_UNGUARDED_AVAILABILITY = YES_AGGRESSIVE;
				CLANG_WARN_UNREACHABLE_CODE = YES;
				CLANG_WARN__DUPLICATE_METHOD_MATCH = YES;
				CODE_SIGN_IDENTITY = "iPhone Developer";
				COPY_PHASE_STRIP = NO;
				DEBUG_INFORMATION_FORMAT = "dwarf-with-dsym";
				ENABLE_NS_ASSERTIONS = NO;
				ENABLE_STRICT_OBJC_MSGSEND = YES;
				GCC_C_LANGUAGE_STANDARD = gnu11;
				GCC_NO_COMMON_BLOCKS = YES;
				GCC_WARN_64_TO_32_BIT_CONVERSION = YES;
				GCC_WARN_ABOUT_RETURN_TYPE = YES_ERROR;
				GCC_WARN_UNDECLARED_SELECTOR = YES;
				GCC_WARN_UNINITIALIZED_AUTOS = YES_AGGRESSIVE;
				GCC_WARN_UNUSED_FUNCTION = YES;
				GCC_WARN_UNUSED_VARIABLE = YES;
				IPHONEOS_DEPLOYMENT_TARGET = 11.0;
				MTL_ENABLE_DEBUG_INFO = NO;
				OTHER_SWIFT_FLAGS = "";
				SDKROOT = iphoneos;
				SWIFT_OPTIMIZATION_LEVEL = "-Owholemodule";
				VALIDATE_PRODUCT = YES;
			};
			name = Release;
		};
		B6C6EA3B1FA79B45001F97E7 /* Debug */ = {
			isa = XCBuildConfiguration;
			buildSettings = {
				ASSETCATALOG_COMPILER_APPICON_NAME = AppIcon;
				CODE_SIGN_STYLE = Automatic;
				DEVELOPMENT_TEAM = 9B83N8S7VW;
				INFOPLIST_FILE = "$(SRCROOT)/ARMap/Supporting Files/Info.plist";
				LD_RUNPATH_SEARCH_PATHS = "$(inherited) @executable_path/Frameworks";
				PRODUCT_BUNDLE_IDENTIFIER = com.tackmobile.ARMap;
				PRODUCT_NAME = "$(TARGET_NAME)";
				SWIFT_VERSION = 4.0;
				TARGETED_DEVICE_FAMILY = 1;
			};
			name = Debug;
		};
		B6C6EA3C1FA79B45001F97E7 /* Release */ = {
			isa = XCBuildConfiguration;
			buildSettings = {
				ASSETCATALOG_COMPILER_APPICON_NAME = AppIcon;
				CODE_SIGN_STYLE = Automatic;
				DEVELOPMENT_TEAM = 9B83N8S7VW;
				INFOPLIST_FILE = "$(SRCROOT)/ARMap/Supporting Files/Info.plist";
				LD_RUNPATH_SEARCH_PATHS = "$(inherited) @executable_path/Frameworks";
				PRODUCT_BUNDLE_IDENTIFIER = com.tackmobile.ARMap;
				PRODUCT_NAME = "$(TARGET_NAME)";
				SWIFT_VERSION = 4.0;
				TARGETED_DEVICE_FAMILY = 1;
			};
			name = Release;
		};
/* End XCBuildConfiguration section */

/* Begin XCConfigurationList section */
		B6C6EA201FA79B44001F97E7 /* Build configuration list for PBXProject "ARMap" */ = {
			isa = XCConfigurationList;
			buildConfigurations = (
				B6C6EA381FA79B45001F97E7 /* Debug */,
				B6C6EA391FA79B45001F97E7 /* Release */,
			);
			defaultConfigurationIsVisible = 0;
			defaultConfigurationName = Release;
		};
		B6C6EA3A1FA79B45001F97E7 /* Build configuration list for PBXNativeTarget "ARMap" */ = {
			isa = XCConfigurationList;
			buildConfigurations = (
				B6C6EA3B1FA79B45001F97E7 /* Debug */,
				B6C6EA3C1FA79B45001F97E7 /* Release */,
			);
			defaultConfigurationIsVisible = 0;
			defaultConfigurationName = Release;
		};
/* End XCConfigurationList section */

/* Begin XCVersionGroup section */
		B6C6EA2F1FA79B45001F97E7 /* ARMap.xcdatamodeld */ = {
			isa = XCVersionGroup;
			children = (
				B60CB55B201247150010CF71 /* TackARLocation 4.xcdatamodel */,
				B64391551FC1F336005721E5 /* TackARLocation 3.xcdatamodel */,
				B61470091FB17E580068CA67 /* TackARLocation 2.xcdatamodel */,
				B6C6EA301FA79B45001F97E7 /* TackARLocation.xcdatamodel */,
			);
			currentVersion = B60CB55B201247150010CF71 /* TackARLocation 4.xcdatamodel */;
			path = ARMap.xcdatamodeld;
			sourceTree = "<group>";
			versionGroupType = wrapper.xcdatamodel;
		};
/* End XCVersionGroup section */
	};
	rootObject = B6C6EA1D1FA79B44001F97E7 /* Project object */;
}
